
Microsoft Visual Studio Solution File, Format Version 12.00
# Visual Studio Version 17
VisualStudioVersion = 17.7.34221.43
MinimumVisualStudioVersion = 10.0.40219.1
Project("{8BC9CEB8-8B4A-11D0-8D11-00A0C91BC942}") = "Module1", "Module1\Module1.vcxproj", "{9A598B36-F4A1-4D11-AD32-731F08FBAC72}"
EndProject
Project("{8BC9CEB8-8B4A-11D0-8D11-00A0C91BC942}") = "testing", "testing\testing.vcxproj", "{8CEDB08C-CEB3-4A15-A202-DBE797387099}"
EndProject
Project("{8BC9CEB8-8B4A-11D0-8D11-00A0C91BC942}") = "personalPlaygound", "personalPlaygound\personalPlaygound.vcxproj", "{1960AB18-5FFD-4486-82DC-1E2968CB8E9D}"
EndProject
Project("{8BC9CEB8-8B4A-11D0-8D11-00A0C91BC942}") = "trainingAssignment", "trainingAssignment\trainingAssignment.vcxproj", "{96E5AEB1-6198-492B-9BBC-347D008654D1}"
EndProject
Project("{8BC9CEB8-8B4A-11D0-8D11-00A0C91BC942}") = "IntroModule2", "IntroModule2\IntroModule2.vcxproj", "{6B19451F-B031-4B0F-9982-92C1413CF3A9}"
EndProject
Project("{8BC9CEB8-8B4A-11D0-8D11-00A0C91BC942}") = "Module2", "OOPCPP\OOPCPP.vcxproj", "{4CF04476-BC72-4DD8-B433-34CC6164BC58}"
EndProject
Global
	GlobalSection(SolutionConfigurationPlatforms) = preSolution
		Debug|x64 = Debug|x64
		Debug|x86 = Debug|x86
		Release|x64 = Release|x64
		Release|x86 = Release|x86
	EndGlobalSection
	GlobalSection(ProjectConfigurationPlatforms) = postSolution
		{9A598B36-F4A1-4D11-AD32-731F08FBAC72}.Debug|x64.ActiveCfg = Debug|x64
		{9A598B36-F4A1-4D11-AD32-731F08FBAC72}.Debug|x64.Build.0 = Debug|x64
		{9A598B36-F4A1-4D11-AD32-731F08FBAC72}.Debug|x86.ActiveCfg = Debug|Win32
		{9A598B36-F4A1-4D11-AD32-731F08FBAC72}.Debug|x86.Build.0 = Debug|Win32
		{9A598B36-F4A1-4D11-AD32-731F08FBAC72}.Release|x64.ActiveCfg = Release|x64
		{9A598B36-F4A1-4D11-AD32-731F08FBAC72}.Release|x64.Build.0 = Release|x64
		{9A598B36-F4A1-4D11-AD32-731F08FBAC72}.Release|x86.ActiveCfg = Release|Win32
		{9A598B36-F4A1-4D11-AD32-731F08FBAC72}.Release|x86.Build.0 = Release|Win32
		{8CEDB08C-CEB3-4A15-A202-DBE797387099}.Debug|x64.ActiveCfg = Debug|x64
		{8CEDB08C-CEB3-4A15-A202-DBE797387099}.Debug|x64.Build.0 = Debug|x64
		{8CEDB08C-CEB3-4A15-A202-DBE797387099}.Debug|x86.ActiveCfg = Debug|Win32
		{8CEDB08C-CEB3-4A15-A202-DBE797387099}.Debug|x86.Build.0 = Debug|Win32
		{8CEDB08C-CEB3-4A15-A202-DBE797387099}.Release|x64.ActiveCfg = Release|x64
		{8CEDB08C-CEB3-4A15-A202-DBE797387099}.Release|x64.Build.0 = Release|x64
		{8CEDB08C-CEB3-4A15-A202-DBE797387099}.Release|x86.ActiveCfg = Release|Win32
		{8CEDB08C-CEB3-4A15-A202-DBE797387099}.Release|x86.Build.0 = Release|Win32
		{1960AB18-5FFD-4486-82DC-1E2968CB8E9D}.Debug|x64.ActiveCfg = Debug|x64
		{1960AB18-5FFD-4486-82DC-1E2968CB8E9D}.Debug|x64.Build.0 = Debug|x64
		{1960AB18-5FFD-4486-82DC-1E2968CB8E9D}.Debug|x86.ActiveCfg = Debug|Win32
		{1960AB18-5FFD-4486-82DC-1E2968CB8E9D}.Debug|x86.Build.0 = Debug|Win32
		{1960AB18-5FFD-4486-82DC-1E2968CB8E9D}.Release|x64.ActiveCfg = Release|x64
		{1960AB18-5FFD-4486-82DC-1E2968CB8E9D}.Release|x64.Build.0 = Release|x64
		{1960AB18-5FFD-4486-82DC-1E2968CB8E9D}.Release|x86.ActiveCfg = Release|Win32
		{1960AB18-5FFD-4486-82DC-1E2968CB8E9D}.Release|x86.Build.0 = Release|Win32
		{96E5AEB1-6198-492B-9BBC-347D008654D1}.Debug|x64.ActiveCfg = Debug|x64
		{96E5AEB1-6198-492B-9BBC-347D008654D1}.Debug|x64.Build.0 = Debug|x64
		{96E5AEB1-6198-492B-9BBC-347D008654D1}.Debug|x86.ActiveCfg = Debug|Win32
		{96E5AEB1-6198-492B-9BBC-347D008654D1}.Debug|x86.Build.0 = Debug|Win32
		{96E5AEB1-6198-492B-9BBC-347D008654D1}.Release|x64.ActiveCfg = Release|x64
		{96E5AEB1-6198-492B-9BBC-347D008654D1}.Release|x64.Build.0 = Release|x64
		{96E5AEB1-6198-492B-9BBC-347D008654D1}.Release|x86.ActiveCfg = Release|Win32
		{96E5AEB1-6198-492B-9BBC-347D008654D1}.Release|x86.Build.0 = Release|Win32
		{6B19451F-B031-4B0F-9982-92C1413CF3A9}.Debug|x64.ActiveCfg = Debug|x64
		{6B19451F-B031-4B0F-9982-92C1413CF3A9}.Debug|x64.Build.0 = Debug|x64
		{6B19451F-B031-4B0F-9982-92C1413CF3A9}.Debug|x86.ActiveCfg = Debug|Win32
		{6B19451F-B031-4B0F-9982-92C1413CF3A9}.Debug|x86.Build.0 = Debug|Win32
		{6B19451F-B031-4B0F-9982-92C1413CF3A9}.Release|x64.ActiveCfg = Release|x64
		{6B19451F-B031-4B0F-9982-92C1413CF3A9}.Release|x64.Build.0 = Release|x64
		{6B19451F-B031-4B0F-9982-92C1413CF3A9}.Release|x86.ActiveCfg = Release|Win32
		{6B19451F-B031-4B0F-9982-92C1413CF3A9}.Release|x86.Build.0 = Release|Win32
		{4CF04476-BC72-4DD8-B433-34CC6164BC58}.Debug|x64.ActiveCfg = Debug|x64
		{4CF04476-BC72-4DD8-B433-34CC6164BC58}.Debug|x64.Build.0 = Debug|x64
		{4CF04476-BC72-4DD8-B433-34CC6164BC58}.Debug|x86.ActiveCfg = Debug|Win32
		{4CF04476-BC72-4DD8-B433-34CC6164BC58}.Debug|x86.Build.0 = Debug|Win32
		{4CF04476-BC72-4DD8-B433-34CC6164BC58}.Release|x64.ActiveCfg = Release|x64
		{4CF04476-BC72-4DD8-B433-34CC6164BC58}.Release|x64.Build.0 = Release|x64
		{4CF04476-BC72-4DD8-B433-34CC6164BC58}.Release|x86.ActiveCfg = Release|Win32
		{4CF04476-BC72-4DD8-B433-34CC6164BC58}.Release|x86.Build.0 = Release|Win32
	EndGlobalSection
	GlobalSection(SolutionProperties) = preSolution
		HideSolutionNode = FALSE
	EndGlobalSection
	GlobalSection(ExtensibilityGlobals) = postSolution
		SolutionGuid = {CCBA7229-7638-4CC2-830E-164D8ECCF8CE}
	EndGlobalSection
EndGlobal
